# This file is automatically @generated by Cargo.
# It is not intended for manual editing.
version = 3

[[package]]
name = "animal-sanctuary-registry"
version = "0.1.0"

[[package]]
name = "character-counting-string"
version = "0.1.0"

[[package]]
name = "fibonacci"
version = "0.1.0"

[[package]]
name = "fizzbuzz"
version = "0.1.0"

[[package]]
name = "hello-world"
version = "0.1.0"

[[package]]
name = "mathematical-operations"
version = "0.1.0"

[[package]]
name = "the-from-trait"
version = "0.1.0"
